// !$*UTF8*$!
{
	archiveVersion = 1;
	classes = {
	};
	objectVersion = 46;
	objects = {

/* Begin PBXBuildFile section */
		F510F1031CF0FF2A006674FA /* AppDelegate.swift in Sources */ = {isa = PBXBuildFile; fileRef = F510F1021CF0FF2A006674FA /* AppDelegate.swift */; };
		F510F1051CF0FF2A006674FA /* FirstViewController.swift in Sources */ = {isa = PBXBuildFile; fileRef = F510F1041CF0FF2A006674FA /* FirstViewController.swift */; };
		F510F1071CF0FF2A006674FA /* SecondViewController.swift in Sources */ = {isa = PBXBuildFile; fileRef = F510F1061CF0FF2A006674FA /* SecondViewController.swift */; };
		F510F10A1CF0FF2A006674FA /* Main.storyboard in Resources */ = {isa = PBXBuildFile; fileRef = F510F1081CF0FF2A006674FA /* Main.storyboard */; };
		F510F10C1CF0FF2A006674FA /* Assets.xcassets in Resources */ = {isa = PBXBuildFile; fileRef = F510F10B1CF0FF2A006674FA /* Assets.xcassets */; };
		F510F10F1CF0FF2A006674FA /* LaunchScreen.storyboard in Resources */ = {isa = PBXBuildFile; fileRef = F510F10D1CF0FF2A006674FA /* LaunchScreen.storyboard */; };
		F510F11A1CF0FF2A006674FA /* Hitch2_0Tests.swift in Sources */ = {isa = PBXBuildFile; fileRef = F510F1191CF0FF2A006674FA /* Hitch2_0Tests.swift */; };
		F510F1251CF0FF2A006674FA /* Hitch2_0UITests.swift in Sources */ = {isa = PBXBuildFile; fileRef = F510F1241CF0FF2A006674FA /* Hitch2_0UITests.swift */; };
		F510F1331CF0FF8F006674FA /* CoreLocation.framework in Frameworks */ = {isa = PBXBuildFile; fileRef = F510F1321CF0FF8F006674FA /* CoreLocation.framework */; };
		F510F1341CF10BDC006674FA /* SecondViewController.swift in Sources */ = {isa = PBXBuildFile; fileRef = F510F1061CF0FF2A006674FA /* SecondViewController.swift */; };
		F510F1351CF10BDD006674FA /* SecondViewController.swift in Sources */ = {isa = PBXBuildFile; fileRef = F510F1061CF0FF2A006674FA /* SecondViewController.swift */; };
		F510F1391CF14CA7006674FA /* 13236274_1007141152708819_879293563_n.jpg in Resources */ = {isa = PBXBuildFile; fileRef = F510F1361CF14CA7006674FA /* 13236274_1007141152708819_879293563_n.jpg */; };
		F510F13A1CF14CA7006674FA /* 13249322_1007140909375510_715337164_n.jpg in Resources */ = {isa = PBXBuildFile; fileRef = F510F1371CF14CA7006674FA /* 13249322_1007140909375510_715337164_n.jpg */; };
		F510F13B1CF14CA7006674FA /* 13249380_1007140349375566_2069390895_n (1).jpg in Resources */ = {isa = PBXBuildFile; fileRef = F510F1381CF14CA7006674FA /* 13249380_1007140349375566_2069390895_n (1).jpg */; };
		F510F1441CF14F77006674FA /* 13249537_1007143899375211_696906413_n.jpg in Resources */ = {isa = PBXBuildFile; fileRef = F510F13C1CF14F77006674FA /* 13249537_1007143899375211_696906413_n.jpg */; };
		F510F1451CF14F77006674FA /* 13249597_1007144906041777_1380869450_n.jpg in Resources */ = {isa = PBXBuildFile; fileRef = F510F13D1CF14F77006674FA /* 13249597_1007144906041777_1380869450_n.jpg */; };
		F510F1461CF14F77006674FA /* 13277952_1007145159375085_1990210429_n.jpg in Resources */ = {isa = PBXBuildFile; fileRef = F510F13E1CF14F77006674FA /* 13277952_1007145159375085_1990210429_n.jpg */; };
		F510F1471CF14F77006674FA /* 13281738_1007144472708487_1262859185_n (1).jpg in Resources */ = {isa = PBXBuildFile; fileRef = F510F13F1CF14F77006674FA /* 13281738_1007144472708487_1262859185_n (1).jpg */; };
		F510F1481CF14F77006674FA /* 13281738_1007144472708487_1262859185_n.jpg in Resources */ = {isa = PBXBuildFile; fileRef = F510F1401CF14F77006674FA /* 13281738_1007144472708487_1262859185_n.jpg */; };
		F510F1491CF14F77006674FA /* 13285853_1007142622708672_1789681863_n.jpg in Resources */ = {isa = PBXBuildFile; fileRef = F510F1411CF14F77006674FA /* 13285853_1007142622708672_1789681863_n.jpg */; };
		F510F14A1CF14F77006674FA /* 13285853_1007144326041835_1916907519_n.jpg in Resources */ = {isa = PBXBuildFile; fileRef = F510F1421CF14F77006674FA /* 13285853_1007144326041835_1916907519_n.jpg */; };
		F510F14B1CF14F77006674FA /* 13288946_1007143549375246_923832236_n.gif in Resources */ = {isa = PBXBuildFile; fileRef = F510F1431CF14F77006674FA /* 13288946_1007143549375246_923832236_n.gif */; };
		F510F1551CF1E313006674FA /* 13275733_1007005472722387_43946718_n.png in Resources */ = {isa = PBXBuildFile; fileRef = F510F1541CF1E313006674FA /* 13275733_1007005472722387_43946718_n.png */; };
		F510F1571CF1EA08006674FA /* photo.swift in Sources */ = {isa = PBXBuildFile; fileRef = F510F1561CF1EA08006674FA /* photo.swift */; };
		F510F1591CF1F07B006674FA /* Compact Camera-50.png in Resources */ = {isa = PBXBuildFile; fileRef = F510F1581CF1F07B006674FA /* Compact Camera-50.png */; };
/* End PBXBuildFile section */

/* Begin PBXContainerItemProxy section */
		F510F1161CF0FF2A006674FA /* PBXContainerItemProxy */ = {
			isa = PBXContainerItemProxy;
			containerPortal = F510F0F71CF0FF2A006674FA /* Project object */;
			proxyType = 1;
			remoteGlobalIDString = F510F0FE1CF0FF2A006674FA;
			remoteInfo = Hitch2.0;
		};
		F510F1211CF0FF2A006674FA /* PBXContainerItemProxy */ = {
			isa = PBXContainerItemProxy;
			containerPortal = F510F0F71CF0FF2A006674FA /* Project object */;
			proxyType = 1;
			remoteGlobalIDString = F510F0FE1CF0FF2A006674FA;
			remoteInfo = Hitch2.0;
		};
/* End PBXContainerItemProxy section */

/* Begin PBXFileReference section */
		F510F0FF1CF0FF2A006674FA /* Hitch2.0.app */ = {isa = PBXFileReference; explicitFileType = wrapper.application; includeInIndex = 0; path = Hitch2.0.app; sourceTree = BUILT_PRODUCTS_DIR; };
		F510F1021CF0FF2A006674FA /* AppDelegate.swift */ = {isa = PBXFileReference; lastKnownFileType = sourcecode.swift; path = AppDelegate.swift; sourceTree = "<group>"; };
		F510F1041CF0FF2A006674FA /* FirstViewController.swift */ = {isa = PBXFileReference; lastKnownFileType = sourcecode.swift; path = FirstViewController.swift; sourceTree = "<group>"; };
		F510F1061CF0FF2A006674FA /* SecondViewController.swift */ = {isa = PBXFileReference; lastKnownFileType = sourcecode.swift; path = SecondViewController.swift; sourceTree = "<group>"; };
		F510F1091CF0FF2A006674FA /* Base */ = {isa = PBXFileReference; lastKnownFileType = file.storyboard; name = Base; path = Base.lproj/Main.storyboard; sourceTree = "<group>"; };
		F510F10B1CF0FF2A006674FA /* Assets.xcassets */ = {isa = PBXFileReference; lastKnownFileType = folder.assetcatalog; path = Assets.xcassets; sourceTree = "<group>"; };
		F510F10E1CF0FF2A006674FA /* Base */ = {isa = PBXFileReference; lastKnownFileType = file.storyboard; name = Base; path = Base.lproj/LaunchScreen.storyboard; sourceTree = "<group>"; };
		F510F1101CF0FF2A006674FA /* Info.plist */ = {isa = PBXFileReference; lastKnownFileType = text.plist.xml; path = Info.plist; sourceTree = "<group>"; };
		F510F1151CF0FF2A006674FA /* Hitch2.0Tests.xctest */ = {isa = PBXFileReference; explicitFileType = wrapper.cfbundle; includeInIndex = 0; path = Hitch2.0Tests.xctest; sourceTree = BUILT_PRODUCTS_DIR; };
		F510F1191CF0FF2A006674FA /* Hitch2_0Tests.swift */ = {isa = PBXFileReference; lastKnownFileType = sourcecode.swift; path = Hitch2_0Tests.swift; sourceTree = "<group>"; };
		F510F11B1CF0FF2A006674FA /* Info.plist */ = {isa = PBXFileReference; lastKnownFileType = text.plist.xml; path = Info.plist; sourceTree = "<group>"; };
		F510F1201CF0FF2A006674FA /* Hitch2.0UITests.xctest */ = {isa = PBXFileReference; explicitFileType = wrapper.cfbundle; includeInIndex = 0; path = Hitch2.0UITests.xctest; sourceTree = BUILT_PRODUCTS_DIR; };
		F510F1241CF0FF2A006674FA /* Hitch2_0UITests.swift */ = {isa = PBXFileReference; lastKnownFileType = sourcecode.swift; path = Hitch2_0UITests.swift; sourceTree = "<group>"; };
		F510F1261CF0FF2A006674FA /* Info.plist */ = {isa = PBXFileReference; lastKnownFileType = text.plist.xml; path = Info.plist; sourceTree = "<group>"; };
		F510F1321CF0FF8F006674FA /* CoreLocation.framework */ = {isa = PBXFileReference; lastKnownFileType = wrapper.framework; name = CoreLocation.framework; path = System/Library/Frameworks/CoreLocation.framework; sourceTree = SDKROOT; };
		F510F1361CF14CA7006674FA /* 13236274_1007141152708819_879293563_n.jpg */ = {isa = PBXFileReference; lastKnownFileType = image.jpeg; path = 13236274_1007141152708819_879293563_n.jpg; sourceTree = "<group>"; };
		F510F1371CF14CA7006674FA /* 13249322_1007140909375510_715337164_n.jpg */ = {isa = PBXFileReference; lastKnownFileType = image.jpeg; path = 13249322_1007140909375510_715337164_n.jpg; sourceTree = "<group>"; };
		F510F1381CF14CA7006674FA /* 13249380_1007140349375566_2069390895_n (1).jpg */ = {isa = PBXFileReference; lastKnownFileType = image.jpeg; path = "13249380_1007140349375566_2069390895_n (1).jpg"; sourceTree = "<group>"; };
		F510F13C1CF14F77006674FA /* 13249537_1007143899375211_696906413_n.jpg */ = {isa = PBXFileReference; lastKnownFileType = image.jpeg; path = 13249537_1007143899375211_696906413_n.jpg; sourceTree = "<group>"; };
		F510F13D1CF14F77006674FA /* 13249597_1007144906041777_1380869450_n.jpg */ = {isa = PBXFileReference; lastKnownFileType = image.jpeg; path = 13249597_1007144906041777_1380869450_n.jpg; sourceTree = "<group>"; };
		F510F13E1CF14F77006674FA /* 13277952_1007145159375085_1990210429_n.jpg */ = {isa = PBXFileReference; lastKnownFileType = image.jpeg; path = 13277952_1007145159375085_1990210429_n.jpg; sourceTree = "<group>"; };
		F510F13F1CF14F77006674FA /* 13281738_1007144472708487_1262859185_n (1).jpg */ = {isa = PBXFileReference; lastKnownFileType = image.jpeg; path = "13281738_1007144472708487_1262859185_n (1).jpg"; sourceTree = "<group>"; };
		F510F1401CF14F77006674FA /* 13281738_1007144472708487_1262859185_n.jpg */ = {isa = PBXFileReference; lastKnownFileType = image.jpeg; path = 13281738_1007144472708487_1262859185_n.jpg; sourceTree = "<group>"; };
		F510F1411CF14F77006674FA /* 13285853_1007142622708672_1789681863_n.jpg */ = {isa = PBXFileReference; lastKnownFileType = image.jpeg; path = 13285853_1007142622708672_1789681863_n.jpg; sourceTree = "<group>"; };
		F510F1421CF14F77006674FA /* 13285853_1007144326041835_1916907519_n.jpg */ = {isa = PBXFileReference; lastKnownFileType = image.jpeg; path = 13285853_1007144326041835_1916907519_n.jpg; sourceTree = "<group>"; };
		F510F1431CF14F77006674FA /* 13288946_1007143549375246_923832236_n.gif */ = {isa = PBXFileReference; lastKnownFileType = image.gif; path = 13288946_1007143549375246_923832236_n.gif; sourceTree = "<group>"; };
		F510F1541CF1E313006674FA /* 13275733_1007005472722387_43946718_n.png */ = {isa = PBXFileReference; lastKnownFileType = image.png; path = 13275733_1007005472722387_43946718_n.png; sourceTree = "<group>"; };
		F510F1561CF1EA08006674FA /* photo.swift */ = {isa = PBXFileReference; fileEncoding = 4; lastKnownFileType = sourcecode.swift; path = photo.swift; sourceTree = "<group>"; };
		F510F1581CF1F07B006674FA /* Compact Camera-50.png */ = {isa = PBXFileReference; lastKnownFileType = image.png; path = "Compact Camera-50.png"; sourceTree = "<group>"; };
/* End PBXFileReference section */

/* Begin PBXFrameworksBuildPhase section */
		F510F0FC1CF0FF2A006674FA /* Frameworks */ = {
			isa = PBXFrameworksBuildPhase;
			buildActionMask = 2147483647;
			files = (
				F510F1331CF0FF8F006674FA /* CoreLocation.framework in Frameworks */,
			);
			runOnlyForDeploymentPostprocessing = 0;
		};
		F510F1121CF0FF2A006674FA /* Frameworks */ = {
			isa = PBXFrameworksBuildPhase;
			buildActionMask = 2147483647;
			files = (
			);
			runOnlyForDeploymentPostprocessing = 0;
		};
		F510F11D1CF0FF2A006674FA /* Frameworks */ = {
			isa = PBXFrameworksBuildPhase;
			buildActionMask = 2147483647;
			files = (
			);
			runOnlyForDeploymentPostprocessing = 0;
		};
/* End PBXFrameworksBuildPhase section */

/* Begin PBXGroup section */
		F510F0F61CF0FF2A006674FA = {
			isa = PBXGroup;
			children = (
				F510F1321CF0FF8F006674FA /* CoreLocation.framework */,
				F510F1011CF0FF2A006674FA /* Hitch2.0 */,
				F510F1181CF0FF2A006674FA /* Hitch2.0Tests */,
				F510F1231CF0FF2A006674FA /* Hitch2.0UITests */,
				F510F1001CF0FF2A006674FA /* Products */,
			);
			sourceTree = "<group>";
		};
		F510F1001CF0FF2A006674FA /* Products */ = {
			isa = PBXGroup;
			children = (
				F510F0FF1CF0FF2A006674FA /* Hitch2.0.app */,
				F510F1151CF0FF2A006674FA /* Hitch2.0Tests.xctest */,
				F510F1201CF0FF2A006674FA /* Hitch2.0UITests.xctest */,
			);
			name = Products;
			sourceTree = "<group>";
		};
		F510F1011CF0FF2A006674FA /* Hitch2.0 */ = {
			isa = PBXGroup;
			children = (
				F510F1021CF0FF2A006674FA /* AppDelegate.swift */,
				F510F1041CF0FF2A006674FA /* FirstViewController.swift */,
				F510F1061CF0FF2A006674FA /* SecondViewController.swift */,
				F510F1561CF1EA08006674FA /* photo.swift */,
				F510F1081CF0FF2A006674FA /* Main.storyboard */,
				F510F1581CF1F07B006674FA /* Compact Camera-50.png */,
				F510F13C1CF14F77006674FA /* 13249537_1007143899375211_696906413_n.jpg */,
				F510F13D1CF14F77006674FA /* 13249597_1007144906041777_1380869450_n.jpg */,
				F510F13E1CF14F77006674FA /* 13277952_1007145159375085_1990210429_n.jpg */,
				F510F13F1CF14F77006674FA /* 13281738_1007144472708487_1262859185_n (1).jpg */,
				F510F1401CF14F77006674FA /* 13281738_1007144472708487_1262859185_n.jpg */,
				F510F1411CF14F77006674FA /* 13285853_1007142622708672_1789681863_n.jpg */,
				F510F1421CF14F77006674FA /* 13285853_1007144326041835_1916907519_n.jpg */,
				F510F1431CF14F77006674FA /* 13288946_1007143549375246_923832236_n.gif */,
				F510F1361CF14CA7006674FA /* 13236274_1007141152708819_879293563_n.jpg */,
				F510F1371CF14CA7006674FA /* 13249322_1007140909375510_715337164_n.jpg */,
				F510F1381CF14CA7006674FA /* 13249380_1007140349375566_2069390895_n (1).jpg */,
				F510F1541CF1E313006674FA /* 13275733_1007005472722387_43946718_n.png */,
				F510F10B1CF0FF2A006674FA /* Assets.xcassets */,
				F510F10D1CF0FF2A006674FA /* LaunchScreen.storyboard */,
				F510F1101CF0FF2A006674FA /* Info.plist */,
			);
			path = Hitch2.0;
			sourceTree = "<group>";
		};
		F510F1181CF0FF2A006674FA /* Hitch2.0Tests */ = {
			isa = PBXGroup;
			children = (
				F510F1191CF0FF2A006674FA /* Hitch2_0Tests.swift */,
				F510F11B1CF0FF2A006674FA /* Info.plist */,
			);
			path = Hitch2.0Tests;
			sourceTree = "<group>";
		};
		F510F1231CF0FF2A006674FA /* Hitch2.0UITests */ = {
			isa = PBXGroup;
			children = (
				F510F1241CF0FF2A006674FA /* Hitch2_0UITests.swift */,
				F510F1261CF0FF2A006674FA /* Info.plist */,
			);
			path = Hitch2.0UITests;
			sourceTree = "<group>";
		};
/* End PBXGroup section */

/* Begin PBXNativeTarget section */
		F510F0FE1CF0FF2A006674FA /* Hitch2.0 */ = {
			isa = PBXNativeTarget;
			buildConfigurationList = F510F1291CF0FF2A006674FA /* Build configuration list for PBXNativeTarget "Hitch2.0" */;
			buildPhases = (
				F510F0FB1CF0FF2A006674FA /* Sources */,
				F510F0FC1CF0FF2A006674FA /* Frameworks */,
				F510F0FD1CF0FF2A006674FA /* Resources */,
			);
			buildRules = (
			);
			dependencies = (
			);
			name = Hitch2.0;
			productName = Hitch2.0;
			productReference = F510F0FF1CF0FF2A006674FA /* Hitch2.0.app */;
			productType = "com.apple.product-type.application";
		};
		F510F1141CF0FF2A006674FA /* Hitch2.0Tests */ = {
			isa = PBXNativeTarget;
			buildConfigurationList = F510F12C1CF0FF2A006674FA /* Build configuration list for PBXNativeTarget "Hitch2.0Tests" */;
			buildPhases = (
				F510F1111CF0FF2A006674FA /* Sources */,
				F510F1121CF0FF2A006674FA /* Frameworks */,
				F510F1131CF0FF2A006674FA /* Resources */,
			);
			buildRules = (
			);
			dependencies = (
				F510F1171CF0FF2A006674FA /* PBXTargetDependency */,
			);
			name = Hitch2.0Tests;
			productName = Hitch2.0Tests;
			productReference = F510F1151CF0FF2A006674FA /* Hitch2.0Tests.xctest */;
			productType = "com.apple.product-type.bundle.unit-test";
		};
		F510F11F1CF0FF2A006674FA /* Hitch2.0UITests */ = {
			isa = PBXNativeTarget;
			buildConfigurationList = F510F12F1CF0FF2A006674FA /* Build configuration list for PBXNativeTarget "Hitch2.0UITests" */;
			buildPhases = (
				F510F11C1CF0FF2A006674FA /* Sources */,
				F510F11D1CF0FF2A006674FA /* Frameworks */,
				F510F11E1CF0FF2A006674FA /* Resources */,
			);
			buildRules = (
			);
			dependencies = (
				F510F1221CF0FF2A006674FA /* PBXTargetDependency */,
			);
			name = Hitch2.0UITests;
			productName = Hitch2.0UITests;
			productReference = F510F1201CF0FF2A006674FA /* Hitch2.0UITests.xctest */;
			productType = "com.apple.product-type.bundle.ui-testing";
		};
/* End PBXNativeTarget section */

/* Begin PBXProject section */
		F510F0F71CF0FF2A006674FA /* Project object */ = {
			isa = PBXProject;
			attributes = {
				LastSwiftUpdateCheck = 0730;
				LastUpgradeCheck = 0730;
				ORGANIZATIONNAME = "Shred130 Apps";
				TargetAttributes = {
					F510F0FE1CF0FF2A006674FA = {
						CreatedOnToolsVersion = 7.3.1;
					};
					F510F1141CF0FF2A006674FA = {
						CreatedOnToolsVersion = 7.3.1;
						TestTargetID = F510F0FE1CF0FF2A006674FA;
					};
					F510F11F1CF0FF2A006674FA = {
						CreatedOnToolsVersion = 7.3.1;
						TestTargetID = F510F0FE1CF0FF2A006674FA;
					};
				};
			};
			buildConfigurationList = F510F0FA1CF0FF2A006674FA /* Build configuration list for PBXProject "Hitch2.0" */;
			compatibilityVersion = "Xcode 3.2";
			developmentRegion = English;
			hasScannedForEncodings = 0;
			knownRegions = (
				en,
				Base,
			);
			mainGroup = F510F0F61CF0FF2A006674FA;
			productRefGroup = F510F1001CF0FF2A006674FA /* Products */;
			projectDirPath = "";
			projectRoot = "";
			targets = (
				F510F0FE1CF0FF2A006674FA /* Hitch2.0 */,
				F510F1141CF0FF2A006674FA /* Hitch2.0Tests */,
				F510F11F1CF0FF2A006674FA /* Hitch2.0UITests */,
			);
		};
/* End PBXProject section */

/* Begin PBXResourcesBuildPhase section */
		F510F0FD1CF0FF2A006674FA /* Resources */ = {
			isa = PBXResourcesBuildPhase;
			buildActionMask = 2147483647;
			files = (
				F510F14B1CF14F77006674FA /* 13288946_1007143549375246_923832236_n.gif in Resources */,
				F510F10F1CF0FF2A006674FA /* LaunchScreen.storyboard in Resources */,
				F510F1481CF14F77006674FA /* 13281738_1007144472708487_1262859185_n.jpg in Resources */,
				F510F10C1CF0FF2A006674FA /* Assets.xcassets in Resources */,
				F510F1471CF14F77006674FA /* 13281738_1007144472708487_1262859185_n (1).jpg in Resources */,
				F510F1451CF14F77006674FA /* 13249597_1007144906041777_1380869450_n.jpg in Resources */,
				F510F1551CF1E313006674FA /* 13275733_1007005472722387_43946718_n.png in Resources */,
				F510F1461CF14F77006674FA /* 13277952_1007145159375085_1990210429_n.jpg in Resources */,
				F510F13A1CF14CA7006674FA /* 13249322_1007140909375510_715337164_n.jpg in Resources */,
				F510F1391CF14CA7006674FA /* 13236274_1007141152708819_879293563_n.jpg in Resources */,
				F510F1591CF1F07B006674FA /* Compact Camera-50.png in Resources */,
				F510F13B1CF14CA7006674FA /* 13249380_1007140349375566_2069390895_n (1).jpg in Resources */,
				F510F10A1CF0FF2A006674FA /* Main.storyboard in Resources */,
				F510F14A1CF14F77006674FA /* 13285853_1007144326041835_1916907519_n.jpg in Resources */,
				F510F1441CF14F77006674FA /* 13249537_1007143899375211_696906413_n.jpg in Resources */,
				F510F1491CF14F77006674FA /* 13285853_1007142622708672_1789681863_n.jpg in Resources */,
			);
			runOnlyForDeploymentPostprocessing = 0;
		};
		F510F1131CF0FF2A006674FA /* Resources */ = {
			isa = PBXResourcesBuildPhase;
			buildActionMask = 2147483647;
			files = (
			);
			runOnlyForDeploymentPostprocessing = 0;
		};
		F510F11E1CF0FF2A006674FA /* Resources */ = {
			isa = PBXResourcesBuildPhase;
			buildActionMask = 2147483647;
			files = (
			);
			runOnlyForDeploymentPostprocessing = 0;
		};
/* End PBXResourcesBuildPhase section */

/* Begin PBXSourcesBuildPhase section */
		F510F0FB1CF0FF2A006674FA /* Sources */ = {
			isa = PBXSourcesBuildPhase;
			buildActionMask = 2147483647;
			files = (
				F510F1571CF1EA08006674FA /* photo.swift in Sources */,
				F510F1071CF0FF2A006674FA /* SecondViewController.swift in Sources */,
				F510F1031CF0FF2A006674FA /* AppDelegate.swift in Sources */,
				F510F1051CF0FF2A006674FA /* FirstViewController.swift in Sources */,
			);
			runOnlyForDeploymentPostprocessing = 0;
		};
		F510F1111CF0FF2A006674FA /* Sources */ = {
			isa = PBXSourcesBuildPhase;
			buildActionMask = 2147483647;
			files = (
				F510F1341CF10BDC006674FA /* SecondViewController.swift in Sources */,
				F510F11A1CF0FF2A006674FA /* Hitch2_0Tests.swift in Sources */,
			);
			runOnlyForDeploymentPostprocessing = 0;
		};
		F510F11C1CF0FF2A006674FA /* Sources */ = {
			isa = PBXSourcesBuildPhase;
			buildActionMask = 2147483647;
			files = (
				F510F1351CF10BDD006674FA /* SecondViewController.swift in Sources */,
				F510F1251CF0FF2A006674FA /* Hitch2_0UITests.swift in Sources */,
			);
			runOnlyForDeploymentPostprocessing = 0;
		};
/* End PBXSourcesBuildPhase section */

/* Begin PBXTargetDependency section */
		F510F1171CF0FF2A006674FA /* PBXTargetDependency */ = {
			isa = PBXTargetDependency;
			target = F510F0FE1CF0FF2A006674FA /* Hitch2.0 */;
			targetProxy = F510F1161CF0FF2A006674FA /* PBXContainerItemProxy */;
		};
		F510F1221CF0FF2A006674FA /* PBXTargetDependency */ = {
			isa = PBXTargetDependency;
			target = F510F0FE1CF0FF2A006674FA /* Hitch2.0 */;
			targetProxy = F510F1211CF0FF2A006674FA /* PBXContainerItemProxy */;
		};
/* End PBXTargetDependency section */

/* Begin PBXVariantGroup section */
		F510F1081CF0FF2A006674FA /* Main.storyboard */ = {
			isa = PBXVariantGroup;
			children = (
				F510F1091CF0FF2A006674FA /* Base */,
			);
			name = Main.storyboard;
			sourceTree = "<group>";
		};
		F510F10D1CF0FF2A006674FA /* LaunchScreen.storyboard */ = {
			isa = PBXVariantGroup;
			children = (
				F510F10E1CF0FF2A006674FA /* Base */,
			);
			name = LaunchScreen.storyboard;
			sourceTree = "<group>";
		};
/* End PBXVariantGroup section */

/* Begin XCBuildConfiguration section */
		F510F1271CF0FF2A006674FA /* Debug */ = {
			isa = XCBuildConfiguration;
			buildSettings = {
				ALWAYS_SEARCH_USER_PATHS = NO;
				CLANG_ANALYZER_NONNULL = YES;
				CLANG_CXX_LANGUAGE_STANDARD = "gnu++0x";
				CLANG_CXX_LIBRARY = "libc++";
				CLANG_ENABLE_MODULES = YES;
				CLANG_ENABLE_OBJC_ARC = YES;
				CLANG_WARN_BOOL_CONVERSION = YES;
				CLANG_WARN_CONSTANT_CONVERSION = YES;
				CLANG_WARN_DIRECT_OBJC_ISA_USAGE = YES_ERROR;
				CLANG_WARN_EMPTY_BODY = YES;
				CLANG_WARN_ENUM_CONVERSION = YES;
				CLANG_WARN_INT_CONVERSION = YES;
				CLANG_WARN_OBJC_ROOT_CLASS = YES_ERROR;
				CLANG_WARN_UNREACHABLE_CODE = YES;
				CLANG_WARN__DUPLICATE_METHOD_MATCH = YES;
				"CODE_SIGN_IDENTITY[sdk=iphoneos*]" = "iPhone Developer";
				COPY_PHASE_STRIP = NO;
				DEBUG_INFORMATION_FORMAT = dwarf;
				ENABLE_STRICT_OBJC_MSGSEND = YES;
				ENABLE_TESTABILITY = YES;
				GCC_C_LANGUAGE_STANDARD = gnu99;
				GCC_DYNAMIC_NO_PIC = NO;
				GCC_NO_COMMON_BLOCKS = YES;
				GCC_OPTIMIZATION_LEVEL = 0;
				GCC_PREPROCESSOR_DEFINITIONS = (
					"DEBUG=1",
					"$(inherited)",
				);
				GCC_WARN_64_TO_32_BIT_CONVERSION = YES;
				GCC_WARN_ABOUT_RETURN_TYPE = YES_ERROR;
				GCC_WARN_UNDECLARED_SELECTOR = YES;
				GCC_WARN_UNINITIALIZED_AUTOS = YES_AGGRESSIVE;
				GCC_WARN_UNUSED_FUNCTION = YES;
				GCC_WARN_UNUSED_VARIABLE = YES;
				IPHONEOS_DEPLOYMENT_TARGET = 9.3;
				MTL_ENABLE_DEBUG_INFO = YES;
				ONLY_ACTIVE_ARCH = YES;
				SDKROOT = iphoneos;
				SWIFT_OPTIMIZATION_LEVEL = "-Onone";
			};
			name = Debug;
		};
		F510F1281CF0FF2A006674FA /* Release */ = {
			isa = XCBuildConfiguration;
			buildSettings = {
				ALWAYS_SEARCH_USER_PATHS = NO;
				CLANG_ANALYZER_NONNULL = YES;
				CLANG_CXX_LANGUAGE_STANDARD = "gnu++0x";
				CLANG_CXX_LIBRARY = "libc++";
				CLANG_ENABLE_MODULES = YES;
				CLANG_ENABLE_OBJC_ARC = YES;
				CLANG_WARN_BOOL_CONVERSION = YES;
				CLANG_WARN_CONSTANT_CONVERSION = YES;
				CLANG_WARN_DIRECT_OBJC_ISA_USAGE = YES_ERROR;
				CLANG_WARN_EMPTY_BODY = YES;
				CLANG_WARN_ENUM_CONVERSION = YES;
				CLANG_WARN_INT_CONVERSION = YES;
				CLANG_WARN_OBJC_ROOT_CLASS = YES_ERROR;
				CLANG_WARN_UNREACHABLE_CODE = YES;
				CLANG_WARN__DUPLICATE_METHOD_MATCH = YES;
				"CODE_SIGN_IDENTITY[sdk=iphoneos*]" = "iPhone Developer";
				COPY_PHASE_STRIP = NO;
				DEBUG_INFORMATION_FORMAT = "dwarf-with-dsym";
				ENABLE_NS_ASSERTIONS = NO;
				ENABLE_STRICT_OBJC_MSGSEND = YES;
				GCC_C_LANGUAGE_STANDARD = gnu99;
				GCC_NO_COMMON_BLOCKS = YES;
				GCC_WARN_64_TO_32_BIT_CONVERSION = YES;
				GCC_WARN_ABOUT_RETURN_TYPE = YES_ERROR;
				GCC_WARN_UNDECLARED_SELECTOR = YES;
				GCC_WARN_UNINITIALIZED_AUTOS = YES_AGGRESSIVE;
				GCC_WARN_UNUSED_FUNCTION = YES;
				GCC_WARN_UNUSED_VARIABLE = YES;
				IPHONEOS_DEPLOYMENT_TARGET = 9.3;
				MTL_ENABLE_DEBUG_INFO = NO;
				SDKROOT = iphoneos;
				VALIDATE_PRODUCT = YES;
			};
			name = Release;
		};
		F510F12A1CF0FF2A006674FA /* Debug */ = {
			isa = XCBuildConfiguration;
			buildSettings = {
				ASSETCATALOG_COMPILER_APPICON_NAME = AppIcon;
				INFOPLIST_FILE = Hitch2.0/Info.plist;
				LD_RUNPATH_SEARCH_PATHS = "$(inherited) @executable_path/Frameworks";
				PRODUCT_BUNDLE_IDENTIFIER = "Shredded-Developers.Hitch2-0";
				PRODUCT_NAME = "$(TARGET_NAME)";
			};
			name = Debug;
		};
		F510F12B1CF0FF2A006674FA /* Release */ = {
			isa = XCBuildConfiguration;
			buildSettings = {
				ASSETCATALOG_COMPILER_APPICON_NAME = AppIcon;
				INFOPLIST_FILE = Hitch2.0/Info.plist;
				LD_RUNPATH_SEARCH_PATHS = "$(inherited) @executable_path/Frameworks";
				PRODUCT_BUNDLE_IDENTIFIER = "Shredded-Developers.Hitch2-0";
				PRODUCT_NAME = "$(TARGET_NAME)";
			};
			name = Release;
		};
		F510F12D1CF0FF2A006674FA /* Debug */ = {
			isa = XCBuildConfiguration;
			buildSettings = {
				BUNDLE_LOADER = "$(TEST_HOST)";
				INFOPLIST_FILE = Hitch2.0Tests/Info.plist;
				LD_RUNPATH_SEARCH_PATHS = "$(inherited) @executable_path/Frameworks @loader_path/Frameworks";
				PRODUCT_BUNDLE_IDENTIFIER = "Shredded-Developers.Hitch2-0Tests";
				PRODUCT_NAME = "$(TARGET_NAME)";
				TEST_HOST = "$(BUILT_PRODUCTS_DIR)/Hitch2.0.app/Hitch2.0";
			};
			name = Debug;
		};
		F510F12E1CF0FF2A006674FA /* Release */ = {
			isa = XCBuildConfiguration;
			buildSettings = {
				BUNDLE_LOADER = "$(TEST_HOST)";
				INFOPLIST_FILE = Hitch2.0Tests/Info.plist;
				LD_RUNPATH_SEARCH_PATHS = "$(inherited) @executable_path/Frameworks @loader_path/Frameworks";
				PRODUCT_BUNDLE_IDENTIFIER = "Shredded-Developers.Hitch2-0Tests";
				PRODUCT_NAME = "$(TARGET_NAME)";
				TEST_HOST = "$(BUILT_PRODUCTS_DIR)/Hitch2.0.app/Hitch2.0";
			};
			name = Release;
		};
		F510F1301CF0FF2A006674FA /* Debug */ = {
			isa = XCBuildConfiguration;
			buildSettings = {
				INFOPLIST_FILE = Hitch2.0UITests/Info.plist;
				LD_RUNPATH_SEARCH_PATHS = "$(inherited) @executable_path/Frameworks @loader_path/Frameworks";
				PRODUCT_BUNDLE_IDENTIFIER = "Shredded-Developers.Hitch2-0UITests";
				PRODUCT_NAME = "$(TARGET_NAME)";
				TEST_TARGET_NAME = Hitch2.0;
			};
			name = Debug;
		};
		F510F1311CF0FF2A006674FA /* Release */ = {
			isa = XCBuildConfiguration;
			buildSettings = {
				INFOPLIST_FILE = Hitch2.0UITests/Info.plist;
				LD_RUNPATH_SEARCH_PATHS = "$(inherited) @executable_path/Frameworks @loader_path/Frameworks";
				PRODUCT_BUNDLE_IDENTIFIER = "Shredded-Developers.Hitch2-0UITests";
				PRODUCT_NAME = "$(TARGET_NAME)";
				TEST_TARGET_NAME = Hitch2.0;
			};
			name = Release;
		};
/* End XCBuildConfiguration section */

/* Begin XCConfigurationList section */
		F510F0FA1CF0FF2A006674FA /* Build configuration list for PBXProject "Hitch2.0" */ = {
			isa = XCConfigurationList;
			buildConfigurations = (
				F510F1271CF0FF2A006674FA /* Debug */,
				F510F1281CF0FF2A006674FA /* Release */,
			);
			defaultConfigurationIsVisible = 0;
			defaultConfigurationName = Release;
		};
		F510F1291CF0FF2A006674FA /* Build configuration list for PBXNativeTarget "Hitch2.0" */ = {
			isa = XCConfigurationList;
			buildConfigurations = (
				F510F12A1CF0FF2A006674FA /* Debug */,
				F510F12B1CF0FF2A006674FA /* Release */,
			);
			defaultConfigurationIsVisible = 0;
		};
		F510F12C1CF0FF2A006674FA /* Build configuration list for PBXNativeTarget "Hitch2.0Tests" */ = {
			isa = XCConfigurationList;
			buildConfigurations = (
				F510F12D1CF0FF2A006674FA /* Debug */,
				F510F12E1CF0FF2A006674FA /* Release */,
			);
			defaultConfigurationIsVisible = 0;
		};
		F510F12F1CF0FF2A006674FA /* Build configuration list for PBXNativeTarget "Hitch2.0UITests" */ = {
			isa = XCConfigurationList;
			buildConfigurations = (
				F510F1301CF0FF2A006674FA /* Debug */,
				F510F1311CF0FF2A006674FA /* Release */,
			);
			defaultConfigurationIsVisible = 0;
		};
/* End XCConfigurationList section */
	};
	rootObject = F510F0F71CF0FF2A006674FA /* Project object */;
}
